
Microsoft Visual Studio Solution File, Format Version 12.00
# Visual Studio Version 17
VisualStudioVersion = 17.9.34714.143
MinimumVisualStudioVersion = 10.0.40219.1
Project("{8BC9CEB8-8B4A-11D0-8D11-00A0C91BC942}") = "BoolMatrix", "BoolMatrix\BoolMatrix.vcxproj", "{F88B0190-CE13-457A-A057-90C536733653}"
EndProject
Global
	GlobalSection(SolutionConfigurationPlatforms) = preSolution
		Debug|x64 = Debug|x64
		Debug|x86 = Debug|x86
		Release|x64 = Release|x64
		Release|x86 = Release|x86
	EndGlobalSection
	GlobalSection(ProjectConfigurationPlatforms) = postSolution
		{F88B0190-CE13-457A-A057-90C536733653}.Debug|x64.ActiveCfg = Debug|x64
		{F88B0190-CE13-457A-A057-90C536733653}.Debug|x64.Build.0 = Debug|x64
		{F88B0190-CE13-457A-A057-90C536733653}.Debug|x86.ActiveCfg = Debug|Win32
		{F88B0190-CE13-457A-A057-90C536733653}.Debug|x86.Build.0 = Debug|Win32
		{F88B0190-CE13-457A-A057-90C536733653}.Release|x64.ActiveCfg = Release|x64
		{F88B0190-CE13-457A-A057-90C536733653}.Release|x64.Build.0 = Release|x64
		{F88B0190-CE13-457A-A057-90C536733653}.Release|x86.ActiveCfg = Release|Win32
		{F88B0190-CE13-457A-A057-90C536733653}.Release|x86.Build.0 = Release|Win32
	EndGlobalSection
	GlobalSection(SolutionProperties) = preSolution
		HideSolutionNode = FALSE
	EndGlobalSection
	GlobalSection(ExtensibilityGlobals) = postSolution
		SolutionGuid = {E35C9714-C655-48CD-9496-6C01F2DD2197}
	EndGlobalSection
EndGlobal
